
Microsoft Visual Studio Solution File, Format Version 12.00
# Visual Studio Version 17
VisualStudioVersion = 17.6.33815.320
MinimumVisualStudioVersion = 10.0.40219.1
Project("{FAE04EC0-301F-11D3-BF4B-00C04F79EFBC}") = "TypesAndVariables", "TypesAndVariables\TypesAndVariables.csproj", "{839F5E63-44CC-45BE-BE12-46F0914FAAC9}"
EndProject
Project("{FAE04EC0-301F-11D3-BF4B-00C04F79EFBC}") = "Conditionals", "Conditionals\Conditionals.csproj", "{0FD117AC-3F14-4242-908C-38309D441B4E}"
EndProject
Project("{FAE04EC0-301F-11D3-BF4B-00C04F79EFBC}") = "Methods", "Methods\Methods.csproj", "{3C3142F3-280B-43D5-9ADD-D702B27A227D}"
EndProject
Project("{FAE04EC0-301F-11D3-BF4B-00C04F79EFBC}") = "Arrays", "Arrays\Arrays.csproj", "{48963A50-ED29-4408-9F09-317856A55DA2}"
EndProject
Project("{FAE04EC0-301F-11D3-BF4B-00C04F79EFBC}") = "Loops", "Loops\Loops.csproj", "{2946EBF8-9950-4EB2-8BF8-C60426B10466}"
EndProject
Global
	GlobalSection(SolutionConfigurationPlatforms) = preSolution
		Debug|Any CPU = Debug|Any CPU
		Release|Any CPU = Release|Any CPU
	EndGlobalSection
	GlobalSection(ProjectConfigurationPlatforms) = postSolution
		{839F5E63-44CC-45BE-BE12-46F0914FAAC9}.Debug|Any CPU.ActiveCfg = Debug|Any CPU
		{839F5E63-44CC-45BE-BE12-46F0914FAAC9}.Debug|Any CPU.Build.0 = Debug|Any CPU
		{839F5E63-44CC-45BE-BE12-46F0914FAAC9}.Release|Any CPU.ActiveCfg = Release|Any CPU
		{839F5E63-44CC-45BE-BE12-46F0914FAAC9}.Release|Any CPU.Build.0 = Release|Any CPU
		{0FD117AC-3F14-4242-908C-38309D441B4E}.Debug|Any CPU.ActiveCfg = Debug|Any CPU
		{0FD117AC-3F14-4242-908C-38309D441B4E}.Debug|Any CPU.Build.0 = Debug|Any CPU
		{0FD117AC-3F14-4242-908C-38309D441B4E}.Release|Any CPU.ActiveCfg = Release|Any CPU
		{0FD117AC-3F14-4242-908C-38309D441B4E}.Release|Any CPU.Build.0 = Release|Any CPU
		{3C3142F3-280B-43D5-9ADD-D702B27A227D}.Debug|Any CPU.ActiveCfg = Debug|Any CPU
		{3C3142F3-280B-43D5-9ADD-D702B27A227D}.Debug|Any CPU.Build.0 = Debug|Any CPU
		{3C3142F3-280B-43D5-9ADD-D702B27A227D}.Release|Any CPU.ActiveCfg = Release|Any CPU
		{3C3142F3-280B-43D5-9ADD-D702B27A227D}.Release|Any CPU.Build.0 = Release|Any CPU
		{48963A50-ED29-4408-9F09-317856A55DA2}.Debug|Any CPU.ActiveCfg = Debug|Any CPU
		{48963A50-ED29-4408-9F09-317856A55DA2}.Debug|Any CPU.Build.0 = Debug|Any CPU
		{48963A50-ED29-4408-9F09-317856A55DA2}.Release|Any CPU.ActiveCfg = Release|Any CPU
		{48963A50-ED29-4408-9F09-317856A55DA2}.Release|Any CPU.Build.0 = Release|Any CPU
		{2946EBF8-9950-4EB2-8BF8-C60426B10466}.Debug|Any CPU.ActiveCfg = Debug|Any CPU
		{2946EBF8-9950-4EB2-8BF8-C60426B10466}.Debug|Any CPU.Build.0 = Debug|Any CPU
		{2946EBF8-9950-4EB2-8BF8-C60426B10466}.Release|Any CPU.ActiveCfg = Release|Any CPU
		{2946EBF8-9950-4EB2-8BF8-C60426B10466}.Release|Any CPU.Build.0 = Release|Any CPU
	EndGlobalSection
	GlobalSection(SolutionProperties) = preSolution
		HideSolutionNode = FALSE
	EndGlobalSection
	GlobalSection(ExtensibilityGlobals) = postSolution
		SolutionGuid = {3F7D2F3E-4EB7-4F7C-8A72-2C0CB09CD7DD}
	EndGlobalSection
EndGlobal
